// !$*UTF8*$!
{
	archiveVersion = 1;
	classes = {
	};
	objectVersion = 55;
	objects = {

/* Begin PBXBuildFile section */
		043B4D8728FE06F1005E5CA4 /* UICollectionView+Ext.swift in Sources */ = {isa = PBXBuildFile; fileRef = 043B4D8628FE06F1005E5CA4 /* UICollectionView+Ext.swift */; };
		0499980C28FB591200D0FE0A /* AppDelegate.swift in Sources */ = {isa = PBXBuildFile; fileRef = 0499980B28FB591200D0FE0A /* AppDelegate.swift */; };
		0499980E28FB591200D0FE0A /* SceneDelegate.swift in Sources */ = {isa = PBXBuildFile; fileRef = 0499980D28FB591200D0FE0A /* SceneDelegate.swift */; };
		0499981528FB591600D0FE0A /* Assets.xcassets in Resources */ = {isa = PBXBuildFile; fileRef = 0499981428FB591600D0FE0A /* Assets.xcassets */; };
		0499981828FB591600D0FE0A /* LaunchScreen.storyboard in Resources */ = {isa = PBXBuildFile; fileRef = 0499981628FB591600D0FE0A /* LaunchScreen.storyboard */; };
		0499982628FB5C2400D0FE0A /* HomeScreen.swift in Sources */ = {isa = PBXBuildFile; fileRef = 0499982528FB5C2400D0FE0A /* HomeScreen.swift */; };
		0499982828FB655800D0FE0A /* NetworkManager.swift in Sources */ = {isa = PBXBuildFile; fileRef = 0499982728FB655800D0FE0A /* NetworkManager.swift */; };
		0499982A28FB6C0900D0FE0A /* Movie.swift in Sources */ = {isa = PBXBuildFile; fileRef = 0499982928FB6C0900D0FE0A /* Movie.swift */; };
		0499982C28FB761F00D0FE0A /* MovieService.swift in Sources */ = {isa = PBXBuildFile; fileRef = 0499982B28FB761F00D0FE0A /* MovieService.swift */; };
		0499982E28FB7AB100D0FE0A /* APIURLs.swift in Sources */ = {isa = PBXBuildFile; fileRef = 0499982D28FB7AB100D0FE0A /* APIURLs.swift */; };
		0499983028FB809400D0FE0A /* HomeViewModel.swift in Sources */ = {isa = PBXBuildFile; fileRef = 0499982F28FB809400D0FE0A /* HomeViewModel.swift */; };
		04AB7FD828FCCA5300EA8751 /* UIView+Ext.swift in Sources */ = {isa = PBXBuildFile; fileRef = 04AB7FD728FCCA5300EA8751 /* UIView+Ext.swift */; };
		04AB7FDA28FCDF1900EA8751 /* CGFloat+Ext.swift in Sources */ = {isa = PBXBuildFile; fileRef = 04AB7FD928FCDF1900EA8751 /* CGFloat+Ext.swift */; };
		04AB7FDC28FCDF9500EA8751 /* UIHelper.swift in Sources */ = {isa = PBXBuildFile; fileRef = 04AB7FDB28FCDF9500EA8751 /* UIHelper.swift */; };
		04AB7FDE28FCE31F00EA8751 /* MovieCell.swift in Sources */ = {isa = PBXBuildFile; fileRef = 04AB7FDD28FCE31F00EA8751 /* MovieCell.swift */; };
		04AB7FE028FCFE8B00EA8751 /* PosterImageView.swift in Sources */ = {isa = PBXBuildFile; fileRef = 04AB7FDF28FCFE8B00EA8751 /* PosterImageView.swift */; };
		04EF791E28FFA43900D9E1BE /* DetailScreen.swift in Sources */ = {isa = PBXBuildFile; fileRef = 04EF791D28FFA43900D9E1BE /* DetailScreen.swift */; };
		04EF792028FFAA7300D9E1BE /* DetailViewModel.swift in Sources */ = {isa = PBXBuildFile; fileRef = 04EF791F28FFAA7300D9E1BE /* DetailViewModel.swift */; };
/* End PBXBuildFile section */

/* Begin PBXFileReference section */
		043B4D8628FE06F1005E5CA4 /* UICollectionView+Ext.swift */ = {isa = PBXFileReference; lastKnownFileType = sourcecode.swift; path = "UICollectionView+Ext.swift"; sourceTree = "<group>"; };
		0499980828FB591200D0FE0A /* MVVM-Example.app */ = {isa = PBXFileReference; explicitFileType = wrapper.application; includeInIndex = 0; path = "MVVM-Example.app"; sourceTree = BUILT_PRODUCTS_DIR; };
		0499980B28FB591200D0FE0A /* AppDelegate.swift */ = {isa = PBXFileReference; lastKnownFileType = sourcecode.swift; path = AppDelegate.swift; sourceTree = "<group>"; };
		0499980D28FB591200D0FE0A /* SceneDelegate.swift */ = {isa = PBXFileReference; lastKnownFileType = sourcecode.swift; path = SceneDelegate.swift; sourceTree = "<group>"; };
		0499981428FB591600D0FE0A /* Assets.xcassets */ = {isa = PBXFileReference; lastKnownFileType = folder.assetcatalog; path = Assets.xcassets; sourceTree = "<group>"; };
		0499981728FB591600D0FE0A /* Base */ = {isa = PBXFileReference; lastKnownFileType = file.storyboard; name = Base; path = Base.lproj/LaunchScreen.storyboard; sourceTree = "<group>"; };
		0499981928FB591600D0FE0A /* Info.plist */ = {isa = PBXFileReference; lastKnownFileType = text.plist.xml; path = Info.plist; sourceTree = "<group>"; };
		0499982528FB5C2400D0FE0A /* HomeScreen.swift */ = {isa = PBXFileReference; lastKnownFileType = sourcecode.swift; path = HomeScreen.swift; sourceTree = "<group>"; };
		0499982728FB655800D0FE0A /* NetworkManager.swift */ = {isa = PBXFileReference; lastKnownFileType = sourcecode.swift; path = NetworkManager.swift; sourceTree = "<group>"; };
		0499982928FB6C0900D0FE0A /* Movie.swift */ = {isa = PBXFileReference; lastKnownFileType = sourcecode.swift; path = Movie.swift; sourceTree = "<group>"; };
		0499982B28FB761F00D0FE0A /* MovieService.swift */ = {isa = PBXFileReference; lastKnownFileType = sourcecode.swift; path = MovieService.swift; sourceTree = "<group>"; };
		0499982D28FB7AB100D0FE0A /* APIURLs.swift */ = {isa = PBXFileReference; lastKnownFileType = sourcecode.swift; path = APIURLs.swift; sourceTree = "<group>"; };
		0499982F28FB809400D0FE0A /* HomeViewModel.swift */ = {isa = PBXFileReference; lastKnownFileType = sourcecode.swift; path = HomeViewModel.swift; sourceTree = "<group>"; };
		04AB7FD728FCCA5300EA8751 /* UIView+Ext.swift */ = {isa = PBXFileReference; lastKnownFileType = sourcecode.swift; path = "UIView+Ext.swift"; sourceTree = "<group>"; };
		04AB7FD928FCDF1900EA8751 /* CGFloat+Ext.swift */ = {isa = PBXFileReference; lastKnownFileType = sourcecode.swift; path = "CGFloat+Ext.swift"; sourceTree = "<group>"; };
		04AB7FDB28FCDF9500EA8751 /* UIHelper.swift */ = {isa = PBXFileReference; lastKnownFileType = sourcecode.swift; path = UIHelper.swift; sourceTree = "<group>"; };
		04AB7FDD28FCE31F00EA8751 /* MovieCell.swift */ = {isa = PBXFileReference; lastKnownFileType = sourcecode.swift; path = MovieCell.swift; sourceTree = "<group>"; };
		04AB7FDF28FCFE8B00EA8751 /* PosterImageView.swift */ = {isa = PBXFileReference; lastKnownFileType = sourcecode.swift; path = PosterImageView.swift; sourceTree = "<group>"; };
		04EF791D28FFA43900D9E1BE /* DetailScreen.swift */ = {isa = PBXFileReference; lastKnownFileType = sourcecode.swift; path = DetailScreen.swift; sourceTree = "<group>"; };
		04EF791F28FFAA7300D9E1BE /* DetailViewModel.swift */ = {isa = PBXFileReference; lastKnownFileType = sourcecode.swift; path = DetailViewModel.swift; sourceTree = "<group>"; };
/* End PBXFileReference section */

/* Begin PBXFrameworksBuildPhase section */
		0499980528FB591200D0FE0A /* Frameworks */ = {
			isa = PBXFrameworksBuildPhase;
			buildActionMask = 2147483647;
			files = (
			);
			runOnlyForDeploymentPostprocessing = 0;
		};
/* End PBXFrameworksBuildPhase section */

/* Begin PBXGroup section */
		049997FF28FB591200D0FE0A = {
			isa = PBXGroup;
			children = (
				0499980A28FB591200D0FE0A /* MVVM-Example */,
				0499980928FB591200D0FE0A /* Products */,
			);
			sourceTree = "<group>";
		};
		0499980928FB591200D0FE0A /* Products */ = {
			isa = PBXGroup;
			children = (
				0499980828FB591200D0FE0A /* MVVM-Example.app */,
			);
			name = Products;
			sourceTree = "<group>";
		};
		0499980A28FB591200D0FE0A /* MVVM-Example */ = {
			isa = PBXGroup;
			children = (
				04AB7FD628FCCA3000EA8751 /* Extensions */,
				0499981F28FB5BD400D0FE0A /* Utilities */,
				0499982028FB5BDE00D0FE0A /* Services */,
				0499982128FB5BEB00D0FE0A /* Models */,
				0499982228FB5BF200D0FE0A /* Core */,
				0499980B28FB591200D0FE0A /* AppDelegate.swift */,
				0499980D28FB591200D0FE0A /* SceneDelegate.swift */,
				0499981428FB591600D0FE0A /* Assets.xcassets */,
				0499981628FB591600D0FE0A /* LaunchScreen.storyboard */,
				0499981928FB591600D0FE0A /* Info.plist */,
			);
			path = "MVVM-Example";
			sourceTree = "<group>";
		};
		0499981F28FB5BD400D0FE0A /* Utilities */ = {
			isa = PBXGroup;
			children = (
				0499982728FB655800D0FE0A /* NetworkManager.swift */,
				0499982D28FB7AB100D0FE0A /* APIURLs.swift */,
				04AB7FDB28FCDF9500EA8751 /* UIHelper.swift */,
			);
			path = Utilities;
			sourceTree = "<group>";
		};
		0499982028FB5BDE00D0FE0A /* Services */ = {
			isa = PBXGroup;
			children = (
				0499982B28FB761F00D0FE0A /* MovieService.swift */,
			);
			path = Services;
			sourceTree = "<group>";
		};
		0499982128FB5BEB00D0FE0A /* Models */ = {
			isa = PBXGroup;
			children = (
				0499982928FB6C0900D0FE0A /* Movie.swift */,
			);
			path = Models;
			sourceTree = "<group>";
		};
		0499982228FB5BF200D0FE0A /* Core */ = {
			isa = PBXGroup;
			children = (
				04EF791C28FFA40E00D9E1BE /* DetailScreen */,
				0499982428FB5C0600D0FE0A /* HomeScreen */,
				0499982328FB5BF800D0FE0A /* Components */,
			);
			path = Core;
			sourceTree = "<group>";
		};
		0499982328FB5BF800D0FE0A /* Components */ = {
			isa = PBXGroup;
			children = (
				04AB7FDD28FCE31F00EA8751 /* MovieCell.swift */,
				04AB7FDF28FCFE8B00EA8751 /* PosterImageView.swift */,
			);
			path = Components;
			sourceTree = "<group>";
		};
		0499982428FB5C0600D0FE0A /* HomeScreen */ = {
			isa = PBXGroup;
			children = (
				0499982528FB5C2400D0FE0A /* HomeScreen.swift */,
				0499982F28FB809400D0FE0A /* HomeViewModel.swift */,
			);
			path = HomeScreen;
			sourceTree = "<group>";
		};
		04AB7FD628FCCA3000EA8751 /* Extensions */ = {
			isa = PBXGroup;
			children = (
				04AB7FD728FCCA5300EA8751 /* UIView+Ext.swift */,
				04AB7FD928FCDF1900EA8751 /* CGFloat+Ext.swift */,
				043B4D8628FE06F1005E5CA4 /* UICollectionView+Ext.swift */,
			);
			path = Extensions;
			sourceTree = "<group>";
		};
		04EF791C28FFA40E00D9E1BE /* DetailScreen */ = {
			isa = PBXGroup;
			children = (
				04EF791D28FFA43900D9E1BE /* DetailScreen.swift */,
				04EF791F28FFAA7300D9E1BE /* DetailViewModel.swift */,
			);
			path = DetailScreen;
			sourceTree = "<group>";
		};
/* End PBXGroup section */

/* Begin PBXNativeTarget section */
		0499980728FB591200D0FE0A /* MVVM-Example */ = {
			isa = PBXNativeTarget;
			buildConfigurationList = 0499981C28FB591600D0FE0A /* Build configuration list for PBXNativeTarget "MVVM-Example" */;
			buildPhases = (
				0499980428FB591200D0FE0A /* Sources */,
				0499980528FB591200D0FE0A /* Frameworks */,
				0499980628FB591200D0FE0A /* Resources */,
			);
			buildRules = (
			);
			dependencies = (
			);
			name = "MVVM-Example";
			productName = "MVVM-Example";
			productReference = 0499980828FB591200D0FE0A /* MVVM-Example.app */;
			productType = "com.apple.product-type.application";
		};
/* End PBXNativeTarget section */

/* Begin PBXProject section */
		0499980028FB591200D0FE0A /* Project object */ = {
			isa = PBXProject;
			attributes = {
				BuildIndependentTargetsInParallel = 1;
				LastSwiftUpdateCheck = 1340;
				LastUpgradeCheck = 1340;
				TargetAttributes = {
					0499980728FB591200D0FE0A = {
						CreatedOnToolsVersion = 13.4.1;
					};
				};
			};
			buildConfigurationList = 0499980328FB591200D0FE0A /* Build configuration list for PBXProject "MVVM-Example" */;
			compatibilityVersion = "Xcode 13.0";
			developmentRegion = en;
			hasScannedForEncodings = 0;
			knownRegions = (
				en,
				Base,
			);
			mainGroup = 049997FF28FB591200D0FE0A;
			productRefGroup = 0499980928FB591200D0FE0A /* Products */;
			projectDirPath = "";
			projectRoot = "";
			targets = (
				0499980728FB591200D0FE0A /* MVVM-Example */,
			);
		};
/* End PBXProject section */

/* Begin PBXResourcesBuildPhase section */
		0499980628FB591200D0FE0A /* Resources */ = {
			isa = PBXResourcesBuildPhase;
			buildActionMask = 2147483647;
			files = (
				0499981828FB591600D0FE0A /* LaunchScreen.storyboard in Resources */,
				0499981528FB591600D0FE0A /* Assets.xcassets in Resources */,
			);
			runOnlyForDeploymentPostprocessing = 0;
		};
/* End PBXResourcesBuildPhase section */

/* Begin PBXSourcesBuildPhase section */
		0499980428FB591200D0FE0A /* Sources */ = {
			isa = PBXSourcesBuildPhase;
			buildActionMask = 2147483647;
			files = (
				0499982C28FB761F00D0FE0A /* MovieService.swift in Sources */,
				0499982828FB655800D0FE0A /* NetworkManager.swift in Sources */,
				04AB7FDE28FCE31F00EA8751 /* MovieCell.swift in Sources */,
				0499980C28FB591200D0FE0A /* AppDelegate.swift in Sources */,
				04AB7FDC28FCDF9500EA8751 /* UIHelper.swift in Sources */,
				04EF791E28FFA43900D9E1BE /* DetailScreen.swift in Sources */,
				0499983028FB809400D0FE0A /* HomeViewModel.swift in Sources */,
				0499980E28FB591200D0FE0A /* SceneDelegate.swift in Sources */,
				04AB7FD828FCCA5300EA8751 /* UIView+Ext.swift in Sources */,
				0499982E28FB7AB100D0FE0A /* APIURLs.swift in Sources */,
				0499982628FB5C2400D0FE0A /* HomeScreen.swift in Sources */,
				043B4D8728FE06F1005E5CA4 /* UICollectionView+Ext.swift in Sources */,
				04AB7FDA28FCDF1900EA8751 /* CGFloat+Ext.swift in Sources */,
				04AB7FE028FCFE8B00EA8751 /* PosterImageView.swift in Sources */,
				0499982A28FB6C0900D0FE0A /* Movie.swift in Sources */,
				04EF792028FFAA7300D9E1BE /* DetailViewModel.swift in Sources */,
			);
			runOnlyForDeploymentPostprocessing = 0;
		};
/* End PBXSourcesBuildPhase section */

/* Begin PBXVariantGroup section */
		0499981628FB591600D0FE0A /* LaunchScreen.storyboard */ = {
			isa = PBXVariantGroup;
			children = (
				0499981728FB591600D0FE0A /* Base */,
			);
			name = LaunchScreen.storyboard;
			sourceTree = "<group>";
		};
/* End PBXVariantGroup section */

/* Begin XCBuildConfiguration section */
		0499981A28FB591600D0FE0A /* Debug */ = {
			isa = XCBuildConfiguration;
			buildSettings = {
				ALWAYS_SEARCH_USER_PATHS = NO;
				CLANG_ANALYZER_NONNULL = YES;
				CLANG_ANALYZER_NUMBER_OBJECT_CONVERSION = YES_AGGRESSIVE;
				CLANG_CXX_LANGUAGE_STANDARD = "gnu++17";
				CLANG_ENABLE_MODULES = YES;
				CLANG_ENABLE_OBJC_ARC = YES;
				CLANG_ENABLE_OBJC_WEAK = YES;
				CLANG_WARN_BLOCK_CAPTURE_AUTORELEASING = YES;
				CLANG_WARN_BOOL_CONVERSION = YES;
				CLANG_WARN_COMMA = YES;
				CLANG_WARN_CONSTANT_CONVERSION = YES;
				CLANG_WARN_DEPRECATED_OBJC_IMPLEMENTATIONS = YES;
				CLANG_WARN_DIRECT_OBJC_ISA_USAGE = YES_ERROR;
				CLANG_WARN_DOCUMENTATION_COMMENTS = YES;
				CLANG_WARN_EMPTY_BODY = YES;
				CLANG_WARN_ENUM_CONVERSION = YES;
				CLANG_WARN_INFINITE_RECURSION = YES;
				CLANG_WARN_INT_CONVERSION = YES;
				CLANG_WARN_NON_LITERAL_NULL_CONVERSION = YES;
				CLANG_WARN_OBJC_IMPLICIT_RETAIN_SELF = YES;
				CLANG_WARN_OBJC_LITERAL_CONVERSION = YES;
				CLANG_WARN_OBJC_ROOT_CLASS = YES_ERROR;
				CLANG_WARN_QUOTED_INCLUDE_IN_FRAMEWORK_HEADER = YES;
				CLANG_WARN_RANGE_LOOP_ANALYSIS = YES;
				CLANG_WARN_STRICT_PROTOTYPES = YES;
				CLANG_WARN_SUSPICIOUS_MOVE = YES;
				CLANG_WARN_UNGUARDED_AVAILABILITY = YES_AGGRESSIVE;
				CLANG_WARN_UNREACHABLE_CODE = YES;
				CLANG_WARN__DUPLICATE_METHOD_MATCH = YES;
				COPY_PHASE_STRIP = NO;
				DEBUG_INFORMATION_FORMAT = dwarf;
				ENABLE_STRICT_OBJC_MSGSEND = YES;
				ENABLE_TESTABILITY = YES;
				GCC_C_LANGUAGE_STANDARD = gnu11;
				GCC_DYNAMIC_NO_PIC = NO;
				GCC_NO_COMMON_BLOCKS = YES;
				GCC_OPTIMIZATION_LEVEL = 0;
				GCC_PREPROCESSOR_DEFINITIONS = (
					"DEBUG=1",
					"$(inherited)",
				);
				GCC_WARN_64_TO_32_BIT_CONVERSION = YES;
				GCC_WARN_ABOUT_RETURN_TYPE = YES_ERROR;
				GCC_WARN_UNDECLARED_SELECTOR = YES;
				GCC_WARN_UNINITIALIZED_AUTOS = YES_AGGRESSIVE;
				GCC_WARN_UNUSED_FUNCTION = YES;
				GCC_WARN_UNUSED_VARIABLE = YES;
				IPHONEOS_DEPLOYMENT_TARGET = 15.5;
				MTL_ENABLE_DEBUG_INFO = INCLUDE_SOURCE;
				MTL_FAST_MATH = YES;
				ONLY_ACTIVE_ARCH = YES;
				SDKROOT = iphoneos;
				SWIFT_ACTIVE_COMPILATION_CONDITIONS = DEBUG;
				SWIFT_OPTIMIZATION_LEVEL = "-Onone";
			};
			name = Debug;
		};
		0499981B28FB591600D0FE0A /* Release */ = {
			isa = XCBuildConfiguration;
			buildSettings = {
				ALWAYS_SEARCH_USER_PATHS = NO;
				CLANG_ANALYZER_NONNULL = YES;
				CLANG_ANALYZER_NUMBER_OBJECT_CONVERSION = YES_AGGRESSIVE;
				CLANG_CXX_LANGUAGE_STANDARD = "gnu++17";
				CLANG_ENABLE_MODULES = YES;
				CLANG_ENABLE_OBJC_ARC = YES;
				CLANG_ENABLE_OBJC_WEAK = YES;
				CLANG_WARN_BLOCK_CAPTURE_AUTORELEASING = YES;
				CLANG_WARN_BOOL_CONVERSION = YES;
				CLANG_WARN_COMMA = YES;
				CLANG_WARN_CONSTANT_CONVERSION = YES;
				CLANG_WARN_DEPRECATED_OBJC_IMPLEMENTATIONS = YES;
				CLANG_WARN_DIRECT_OBJC_ISA_USAGE = YES_ERROR;
				CLANG_WARN_DOCUMENTATION_COMMENTS = YES;
				CLANG_WARN_EMPTY_BODY = YES;
				CLANG_WARN_ENUM_CONVERSION = YES;
				CLANG_WARN_INFINITE_RECURSION = YES;
				CLANG_WARN_INT_CONVERSION = YES;
				CLANG_WARN_NON_LITERAL_NULL_CONVERSION = YES;
				CLANG_WARN_OBJC_IMPLICIT_RETAIN_SELF = YES;
				CLANG_WARN_OBJC_LITERAL_CONVERSION = YES;
				CLANG_WARN_OBJC_ROOT_CLASS = YES_ERROR;
				CLANG_WARN_QUOTED_INCLUDE_IN_FRAMEWORK_HEADER = YES;
				CLANG_WARN_RANGE_LOOP_ANALYSIS = YES;
				CLANG_WARN_STRICT_PROTOTYPES = YES;
				CLANG_WARN_SUSPICIOUS_MOVE = YES;
				CLANG_WARN_UNGUARDED_AVAILABILITY = YES_AGGRESSIVE;
				CLANG_WARN_UNREACHABLE_CODE = YES;
				CLANG_WARN__DUPLICATE_METHOD_MATCH = YES;
				COPY_PHASE_STRIP = NO;
				DEBUG_INFORMATION_FORMAT = "dwarf-with-dsym";
				ENABLE_NS_ASSERTIONS = NO;
				ENABLE_STRICT_OBJC_MSGSEND = YES;
				GCC_C_LANGUAGE_STANDARD = gnu11;
				GCC_NO_COMMON_BLOCKS = YES;
				GCC_WARN_64_TO_32_BIT_CONVERSION = YES;
				GCC_WARN_ABOUT_RETURN_TYPE = YES_ERROR;
				GCC_WARN_UNDECLARED_SELECTOR = YES;
				GCC_WARN_UNINITIALIZED_AUTOS = YES_AGGRESSIVE;
				GCC_WARN_UNUSED_FUNCTION = YES;
				GCC_WARN_UNUSED_VARIABLE = YES;
				IPHONEOS_DEPLOYMENT_TARGET = 15.5;
				MTL_ENABLE_DEBUG_INFO = NO;
				MTL_FAST_MATH = YES;
				SDKROOT = iphoneos;
				SWIFT_COMPILATION_MODE = wholemodule;
				SWIFT_OPTIMIZATION_LEVEL = "-O";
				VALIDATE_PRODUCT = YES;
			};
			name = Release;
		};
		0499981D28FB591600D0FE0A /* Debug */ = {
			isa = XCBuildConfiguration;
			buildSettings = {
				ASSETCATALOG_COMPILER_APPICON_NAME = AppIcon;
				ASSETCATALOG_COMPILER_GLOBAL_ACCENT_COLOR_NAME = AccentColor;
				CODE_SIGN_STYLE = Automatic;
				CURRENT_PROJECT_VERSION = 1;
				GENERATE_INFOPLIST_FILE = YES;
				INFOPLIST_FILE = "MVVM-Example/Info.plist";
				INFOPLIST_KEY_UIApplicationSupportsIndirectInputEvents = YES;
				INFOPLIST_KEY_UILaunchStoryboardName = LaunchScreen;
				INFOPLIST_KEY_UISupportedInterfaceOrientations_iPad = "UIInterfaceOrientationPortrait UIInterfaceOrientationPortraitUpsideDown UIInterfaceOrientationLandscapeLeft UIInterfaceOrientationLandscapeRight";
				INFOPLIST_KEY_UISupportedInterfaceOrientations_iPhone = "UIInterfaceOrientationPortrait UIInterfaceOrientationLandscapeLeft UIInterfaceOrientationLandscapeRight";
				LD_RUNPATH_SEARCH_PATHS = (
					"$(inherited)",
					"@executable_path/Frameworks",
				);
				MARKETING_VERSION = 1.0;
				PRODUCT_BUNDLE_IDENTIFIER = "Ahmet.MVVM-Example";
				PRODUCT_NAME = "$(TARGET_NAME)";
				SWIFT_EMIT_LOC_STRINGS = YES;
				SWIFT_VERSION = 5.0;
				TARGETED_DEVICE_FAMILY = "1,2";
			};
			name = Debug;
		};
		0499981E28FB591600D0FE0A /* Release */ = {
			isa = XCBuildConfiguration;
			buildSettings = {
				ASSETCATALOG_COMPILER_APPICON_NAME = AppIcon;
				ASSETCATALOG_COMPILER_GLOBAL_ACCENT_COLOR_NAME = AccentColor;
				CODE_SIGN_STYLE = Automatic;
				CURRENT_PROJECT_VERSION = 1;
				GENERATE_INFOPLIST_FILE = YES;
				INFOPLIST_FILE = "MVVM-Example/Info.plist";
				INFOPLIST_KEY_UIApplicationSupportsIndirectInputEvents = YES;
				INFOPLIST_KEY_UILaunchStoryboardName = LaunchScreen;
				INFOPLIST_KEY_UISupportedInterfaceOrientations_iPad = "UIInterfaceOrientationPortrait UIInterfaceOrientationPortraitUpsideDown UIInterfaceOrientationLandscapeLeft UIInterfaceOrientationLandscapeRight";
				INFOPLIST_KEY_UISupportedInterfaceOrientations_iPhone = "UIInterfaceOrientationPortrait UIInterfaceOrientationLandscapeLeft UIInterfaceOrientationLandscapeRight";
				LD_RUNPATH_SEARCH_PATHS = (
					"$(inherited)",
					"@executable_path/Frameworks",
				);
				MARKETING_VERSION = 1.0;
				PRODUCT_BUNDLE_IDENTIFIER = "Ahmet.MVVM-Example";
				PRODUCT_NAME = "$(TARGET_NAME)";
				SWIFT_EMIT_LOC_STRINGS = YES;
				SWIFT_VERSION = 5.0;
				TARGETED_DEVICE_FAMILY = "1,2";
			};
			name = Release;
		};
/* End XCBuildConfiguration section */

/* Begin XCConfigurationList section */
		0499980328FB591200D0FE0A /* Build configuration list for PBXProject "MVVM-Example" */ = {
			isa = XCConfigurationList;
			buildConfigurations = (
				0499981A28FB591600D0FE0A /* Debug */,
				0499981B28FB591600D0FE0A /* Release */,
			);
			defaultConfigurationIsVisible = 0;
			defaultConfigurationName = Release;
		};
		0499981C28FB591600D0FE0A /* Build configuration list for PBXNativeTarget "MVVM-Example" */ = {
			isa = XCConfigurationList;
			buildConfigurations = (
				0499981D28FB591600D0FE0A /* Debug */,
				0499981E28FB591600D0FE0A /* Release */,
			);
			defaultConfigurationIsVisible = 0;
			defaultConfigurationName = Release;
		};
/* End XCConfigurationList section */
	};
	rootObject = 0499980028FB591200D0FE0A /* Project object */;
}
